<?xml version="1.0" encoding="utf-8"?>
<Project ToolsVersion="4.0" xmlns="http://schemas.microsoft.com/developer/msbuild/2003">
  <ItemGroup>
    <Filter Include="リソース ファイル">
      <UniqueIdentifier>{67DA6AB6-F800-4c08-8B7A-83BB121AAD01}</UniqueIdentifier>
      <Extensions>rc;ico;cur;bmp;dlg;rc2;rct;bin;rgs;gif;jpg;jpeg;jpe;resx;tiff;tif;png;wav;mfcribbon-ms</Extensions>
    </Filter>
    <Filter Include="Class">
      <UniqueIdentifier>{476f9434-2d79-4e6f-baa8-78c4e7158dcc}</UniqueIdentifier>
    </Filter>
    <Filter Include="Class\Singleton">
      <UniqueIdentifier>{de4aaabd-112e-40e7-911d-25d8dfa91f69}</UniqueIdentifier>
    </Filter>
    <Filter Include="GameLib">
      <UniqueIdentifier>{9e2c7a4c-f665-4ddb-bc13-d2e8f7140f43}</UniqueIdentifier>
    </Filter>
    <Filter Include="GameLib\Wnd">
      <UniqueIdentifier>{a58dfa25-185c-4826-8116-b74f03b20a35}</UniqueIdentifier>
    </Filter>
    <Filter Include="GameLib\DX">
      <UniqueIdentifier>{754e404b-2c54-4c17-8b8c-129dc05e4a2a}</UniqueIdentifier>
    </Filter>
    <Filter Include="GameLib\DX\DX3D">
      <UniqueIdentifier>{fdeb7d07-4575-434d-9e5d-f0665c9d0d44}</UniqueIdentifier>
    </Filter>
    <Filter Include="GameLib\DX\DXInput">
      <UniqueIdentifier>{fee3217c-e5be-47c2-8c6c-54950aa4a698}</UniqueIdentifier>
    </Filter>
    <Filter Include="GameLib\DX\DX3D\Camera">
      <UniqueIdentifier>{1469507a-2a24-4057-a494-e44b933d0534}</UniqueIdentifier>
    </Filter>
    <Filter Include="GameLib\DX\DX3D\ColorBlender">
      <UniqueIdentifier>{a5cbda0e-8a4b-45e1-9140-d999a0c812a8}</UniqueIdentifier>
    </Filter>
    <Filter Include="GameLib\DX\DX3D\CustomVertexEditor">
      <UniqueIdentifier>{a111770e-7b94-479e-99c8-b48710178360}</UniqueIdentifier>
    </Filter>
    <Filter Include="GameLib\DX\DXInput\InputDev">
      <UniqueIdentifier>{129238c6-2488-40ba-9dca-06806bfc04b8}</UniqueIdentifier>
    </Filter>
    <Filter Include="GameLib\DX\DXInput\InputDev\Mouse">
      <UniqueIdentifier>{01bf814e-5256-483e-bac3-e6f2fce2775f}</UniqueIdentifier>
    </Filter>
    <Filter Include="GameLib\DX\DXInput\InputDev\Keyboard">
      <UniqueIdentifier>{357d788e-b5a7-4b63-8038-28814221820f}</UniqueIdentifier>
    </Filter>
    <Filter Include="GameLib\DX\DX3D\TexStorage">
      <UniqueIdentifier>{65bb6956-207d-4138-85d7-a2ecbae4dbdb}</UniqueIdentifier>
    </Filter>
    <Filter Include="GameLib\DX\DX3D\D3DPP">
      <UniqueIdentifier>{983a517e-b66d-41ce-9b28-eabe4fdce402}</UniqueIdentifier>
    </Filter>
    <Filter Include="GameLib\DX\DX3D\Light">
      <UniqueIdentifier>{9d26b08a-c625-478e-a6bb-c99c7405b11f}</UniqueIdentifier>
    </Filter>
  </ItemGroup>
  <ItemGroup>
    <ClCompile Include="Class\Singleton\Singleton.cpp">
      <Filter>Class\Singleton</Filter>
    </ClCompile>
    <ClCompile Include="GameLib\DX\DX.cpp">
      <Filter>GameLib\DX</Filter>
    </ClCompile>
    <ClCompile Include="GameLib\Wnd\Wnd.cpp">
      <Filter>GameLib\Wnd</Filter>
    </ClCompile>
    <ClCompile Include="GameLib\DX\DX3D\DX3D.cpp">
      <Filter>GameLib\DX\DX3D</Filter>
    </ClCompile>
    <ClCompile Include="GameLib\DX\DXInput\DXInput.cpp">
      <Filter>GameLib\DX\DXInput</Filter>
    </ClCompile>
    <ClCompile Include="GameLib\DX\DX3D\Camera\Camera.cpp">
      <Filter>GameLib\DX\DX3D\Camera</Filter>
    </ClCompile>
    <ClCompile Include="GameLib\DX\DX3D\ColorBlender\ColorBlender.cpp">
      <Filter>GameLib\DX\DX3D\ColorBlender</Filter>
    </ClCompile>
    <ClCompile Include="GameLib\DX\DX3D\CustomVertexEditor\CustomVertexEditor.cpp">
      <Filter>GameLib\DX\DX3D\CustomVertexEditor</Filter>
    </ClCompile>
    <ClCompile Include="GameLib\DX\DX3D\TexStorage\TexStorage.cpp">
      <Filter>GameLib\DX\DX3D\TexStorage</Filter>
    </ClCompile>
    <ClCompile Include="GameLib\DX\DXInput\InputDev\InputDev.cpp">
      <Filter>GameLib\DX\DXInput\InputDev</Filter>
    </ClCompile>
    <ClCompile Include="GameLib\DX\DXInput\InputDev\Keyboard\Keyboard.cpp">
      <Filter>GameLib\DX\DXInput\InputDev\Keyboard</Filter>
    </ClCompile>
    <ClCompile Include="GameLib\DX\DXInput\InputDev\Mouse\Mouse.cpp">
      <Filter>GameLib\DX\DXInput\InputDev\Mouse</Filter>
    </ClCompile>
    <ClCompile Include="GameLib\DX\DX3D\D3DPP\D3DPP.cpp">
      <Filter>GameLib\DX\DX3D\D3DPP</Filter>
    </ClCompile>
    <ClCompile Include="GameLib\DX\DX3D\Light\Light.cpp">
      <Filter>GameLib\DX\DX3D\Light</Filter>
    </ClCompile>
  </ItemGroup>
  <ItemGroup>
    <ClInclude Include="Class\Singleton\Singleton.h">
      <Filter>Class\Singleton</Filter>
    </ClInclude>
    <ClInclude Include="GameLib\DX\DX.h">
      <Filter>GameLib\DX</Filter>
    </ClInclude>
    <ClInclude Include="GameLib\Wnd\Wnd.h">
      <Filter>GameLib\Wnd</Filter>
    </ClInclude>
    <ClInclude Include="GameLib\DX\DX3D\DX3D.h">
      <Filter>GameLib\DX\DX3D</Filter>
    </ClInclude>
    <ClInclude Include="GameLib\DX\DXInput\DXInput.h">
      <Filter>GameLib\DX\DXInput</Filter>
    </ClInclude>
    <ClInclude Include="GameLib\DX\DX3D\Camera\Camera.h">
      <Filter>GameLib\DX\DX3D\Camera</Filter>
    </ClInclude>
    <ClInclude Include="GameLib\DX\DX3D\ColorBlender\ColorBlender.h">
      <Filter>GameLib\DX\DX3D\ColorBlender</Filter>
    </ClInclude>
    <ClInclude Include="GameLib\DX\DX3D\CustomVertexEditor\CustomVertexEditor.h">
      <Filter>GameLib\DX\DX3D\CustomVertexEditor</Filter>
    </ClInclude>
    <ClInclude Include="GameLib\DX\DX3D\TexStorage\TexStorage.h">
      <Filter>GameLib\DX\DX3D\TexStorage</Filter>
    </ClInclude>
    <ClInclude Include="GameLib\DX\DXInput\InputDev\InputDev.h">
      <Filter>GameLib\DX\DXInput\InputDev</Filter>
    </ClInclude>
    <ClInclude Include="GameLib\DX\DXInput\InputDev\Keyboard\Keyboard.h">
      <Filter>GameLib\DX\DXInput\InputDev\Keyboard</Filter>
    </ClInclude>
    <ClInclude Include="GameLib\DX\DXInput\InputDev\Mouse\Mouse.h">
      <Filter>GameLib\DX\DXInput\InputDev\Mouse</Filter>
    </ClInclude>
    <ClInclude Include="GameLib\DX\DX3D\D3DPP\D3DPP.h">
      <Filter>GameLib\DX\DX3D\D3DPP</Filter>
    </ClInclude>
    <ClInclude Include="GameLib\DX\DX3D\Light\Light.h">
      <Filter>GameLib\DX\DX3D\Light</Filter>
    </ClInclude>
  </ItemGroup>
  <ItemGroup>
    <Text Include="UML.txt">
      <Filter>リソース ファイル</Filter>
    </Text>
  </ItemGroup>
</Project>